# This file is automatically @generated by Cargo.
# It is not intended for manual editing.
version = 3

[[package]]
name = "log"
version = "0.4.20"
source = "registry+https://github.com/rust-lang/crates.io-index"
checksum = "b5e6163cb8c49088c2c36f57875e58ccd8c87c7427f7fbd50ea6710b2f3f2e8f"
dependencies = [
 "value-bag",
]

[[package]]
name = "protohackers"
version = "0.1.0"
dependencies = [
 "log",
]

[[package]]
name = "value-bag"
version = "1.4.1"
source = "registry+https://github.com/rust-lang/crates.io-index"
checksum = "d92ccd67fb88503048c01b59152a04effd0782d035a83a6d256ce6085f08f4a3"
